
Microsoft Visual Studio Solution File, Format Version 12.00
# Visual Studio Version 16
VisualStudioVersion = 16.0.29123.88
MinimumVisualStudioVersion = 10.0.40219.1
Project("{FAE04EC0-301F-11D3-BF4B-00C04F79EFBC}") = "BasicTool", "BasicTool.csproj", "{9DB92A2C-F921-4EF4-82C1-6284A46F3193}"
EndProject
Global
	GlobalSection(SolutionConfigurationPlatforms) = preSolution
		Debug|Any CPU = Debug|Any CPU
		Release|Any CPU = Release|Any CPU
	EndGlobalSection
	GlobalSection(ProjectConfigurationPlatforms) = postSolution
		{9DB92A2C-F921-4EF4-82C1-6284A46F3193}.Debug|Any CPU.ActiveCfg = Debug|Any CPU
		{9DB92A2C-F921-4EF4-82C1-6284A46F3193}.Debug|Any CPU.Build.0 = Debug|Any CPU
		{9DB92A2C-F921-4EF4-82C1-6284A46F3193}.Release|Any CPU.ActiveCfg = Release|Any CPU
		{9DB92A2C-F921-4EF4-82C1-6284A46F3193}.Release|Any CPU.Build.0 = Release|Any CPU
	EndGlobalSection
	GlobalSection(SolutionProperties) = preSolution
		HideSolutionNode = FALSE
	EndGlobalSection
	GlobalSection(ExtensibilityGlobals) = postSolution
		SolutionGuid = {BD6C84E4-EA3E-4591-BFCA-3891106FAAD6}
	EndGlobalSection
EndGlobal
